Microsoft Visual Studio Solution File, Format Version 8.00
Project("{8BC9CEB8-8B4A-11D0-8D11-00A0C91BC942}") = "Base", "..\..\Base\Base.vcproj", "{A8D35AA5-F227-41A4-B8EB-A18BBED6E341}"
	ProjectSection(ProjectDependencies) = postProject
	EndProjectSection
EndProject
Project("{8BC9CEB8-8B4A-11D0-8D11-00A0C91BC942}") = "Collision", "..\..\Collision\Collision.vcproj", "{6AF02961-62CD-4104-9DFD-371399AA05E3}"
	ProjectSection(ProjectDependencies) = postProject
	EndProjectSection
EndProject
Project("{8BC9CEB8-8B4A-11D0-8D11-00A0C91BC942}") = "ImpD3D", "..\..\ImpD3D\ImpD3D.vcproj", "{FAD4828A-5645-426B-BDA7-FB2DF64A62AF}"
	ProjectSection(ProjectDependencies) = postProject
	EndProjectSection
EndProject
Project("{8BC9CEB8-8B4A-11D0-8D11-00A0C91BC942}") = "Physics", "..\..\Physics\Physics.vcproj", "{20C2DCD1-1E00-44A6-B107-14F53F054DC3}"
	ProjectSection(ProjectDependencies) = postProject
	EndProjectSection
EndProject
Project("{8BC9CEB8-8B4A-11D0-8D11-00A0C91BC942}") = "SceneGraph", "..\..\SceneGraph\SceneGraph.vcproj", "{2B6B54F6-C749-4091-B136-B14FF31ABBA7}"
	ProjectSection(ProjectDependencies) = postProject
	EndProjectSection
EndProject
Project("{8BC9CEB8-8B4A-11D0-8D11-00A0C91BC942}") = "WinBasis", "..\..\WinBasis\WinBasis.vcproj", "{632F553C-8DDD-476C-8317-6B848E5631D9}"
	ProjectSection(ProjectDependencies) = postProject
	EndProjectSection
EndProject
Project("{8BC9CEB8-8B4A-11D0-8D11-00A0C91BC942}") = "FileIO", "..\..\FileIO\FileIO.vcproj", "{DE7F73C4-7AF8-42FF-90DC-CFFFFCB2F756}"
	ProjectSection(ProjectDependencies) = postProject
	EndProjectSection
EndProject
Project("{8BC9CEB8-8B4A-11D0-8D11-00A0C91BC942}") = "MFCD3DDyna", "MFCD3DDyna.vcproj", "{225B4232-8994-4D0D-AE92-4DDE8E9B0870}"
	ProjectSection(ProjectDependencies) = postProject
		{6224980F-5C79-4D26-884B-B912EFC98DEF} = {6224980F-5C79-4D26-884B-B912EFC98DEF}
		{DDC7E01E-5983-487B-9183-7FEDF9F61262} = {DDC7E01E-5983-487B-9183-7FEDF9F61262}
		{1925A922-3152-4BDE-A685-91FF5D21D23C} = {1925A922-3152-4BDE-A685-91FF5D21D23C}
		{632F553C-8DDD-476C-8317-6B848E5631D9} = {632F553C-8DDD-476C-8317-6B848E5631D9}
		{6AF02961-62CD-4104-9DFD-371399AA05E3} = {6AF02961-62CD-4104-9DFD-371399AA05E3}
		{FAD4828A-5645-426B-BDA7-FB2DF64A62AF} = {FAD4828A-5645-426B-BDA7-FB2DF64A62AF}
		{A8D35AA5-F227-41A4-B8EB-A18BBED6E341} = {A8D35AA5-F227-41A4-B8EB-A18BBED6E341}
		{DE7F73C4-7AF8-42FF-90DC-CFFFFCB2F756} = {DE7F73C4-7AF8-42FF-90DC-CFFFFCB2F756}
		{20C2DCD1-1E00-44A6-B107-14F53F054DC3} = {20C2DCD1-1E00-44A6-B107-14F53F054DC3}
		{7D0453D2-4242-496A-AE09-A6883FA49CF7} = {7D0453D2-4242-496A-AE09-A6883FA49CF7}
		{2B6B54F6-C749-4091-B136-B14FF31ABBA7} = {2B6B54F6-C749-4091-B136-B14FF31ABBA7}
		{7CA215F8-9252-474D-8FA1-0375E8B5D861} = {7CA215F8-9252-474D-8FA1-0375E8B5D861}
	EndProjectSection
EndProject
Project("{8BC9CEB8-8B4A-11D0-8D11-00A0C91BC942}") = "Graphics", "..\..\Graphics\Graphics.vcproj", "{DDC7E01E-5983-487B-9183-7FEDF9F61262}"
	ProjectSection(ProjectDependencies) = postProject
	EndProjectSection
EndProject
Project("{8BC9CEB8-8B4A-11D0-8D11-00A0C91BC942}") = "WinDX", "..\..\WinDX\WinDX.vcproj", "{7D0453D2-4242-496A-AE09-A6883FA49CF7}"
	ProjectSection(ProjectDependencies) = postProject
	EndProjectSection
EndProject
Project("{8BC9CEB8-8B4A-11D0-8D11-00A0C91BC942}") = "GraphicsGL", "..\..\GraphicsGL\GraphicsGL.vcproj", "{1925A922-3152-4BDE-A685-91FF5D21D23C}"
	ProjectSection(ProjectDependencies) = postProject
		{DDC7E01E-5983-487B-9183-7FEDF9F61262} = {DDC7E01E-5983-487B-9183-7FEDF9F61262}
		{A8D35AA5-F227-41A4-B8EB-A18BBED6E341} = {A8D35AA5-F227-41A4-B8EB-A18BBED6E341}
	EndProjectSection
EndProject
Project("{8BC9CEB8-8B4A-11D0-8D11-00A0C91BC942}") = "Framework", "..\..\Framework\Framework.vcproj", "{6224980F-5C79-4D26-884B-B912EFC98DEF}"
	ProjectSection(ProjectDependencies) = postProject
	EndProjectSection
EndProject
Project("{8BC9CEB8-8B4A-11D0-8D11-00A0C91BC942}") = "HIS", "..\..\HIS\HIS.vcproj", "{7CA215F8-9252-474D-8FA1-0375E8B5D861}"
	ProjectSection(ProjectDependencies) = postProject
	EndProjectSection
EndProject
Global
	GlobalSection(SourceCodeControl) = preSolution
		SccNumberOfProjects = 14
		SccProjectUniqueName0 = ..\\..\\ImpD3D\\ImpD3D.vcproj
		SccProjectName0 = \u0022$/Project/Springhead/src/ImpD3D\u0022,\u0020RUUAAAAA
		SccLocalPath0 = ..\\..\\ImpD3D
		CanCheckoutShared = true
		SccProjectUniqueName1 = ..\\..\\Physics\\Physics.vcproj
		SccProjectName1 = \u0022$/Project/Springhead/src/Physics\u0022,\u0020OOXAAAAA
		SccLocalPath1 = ..\\..\\Physics
		CanCheckoutShared = true
		SccProjectUniqueName2 = ..\\..\\SceneGraph\\SceneGraph.vcproj
		SccProjectName2 = \u0022$/Project/Springhead/src/SceneGraph\u0022,\u0020DTUAAAAA
		SccLocalPath2 = ..\\..\\SceneGraph
		CanCheckoutShared = true
		SccProjectUniqueName3 = ..\\..\\WinBasis\\WinBasis.vcproj
		SccProjectName3 = \u0022$/Project/Springhead/src/WinBasis\u0022,\u0020WQUAAAAA
		SccLocalPath3 = ..\\..\\WinBasis
		CanCheckoutShared = true
		SccProjectUniqueName4 = ..\\..\\FileIO\\FileIO.vcproj
		SccProjectName4 = \u0022$/Project/Springhead/src/FileIO\u0022,\u0020QUUAAAAA
		SccLocalPath4 = ..\\..\\FileIO
		CanCheckoutShared = true
		SccProjectUniqueName5 = MFCD3DDyna.vcproj
		SccLocalPath5 = .
		CanCheckoutShared = true
		SccProjectUniqueName6 = ..\\..\\Graphics\\Graphics.vcproj
		SccProjectName6 = \u0022$/Project/Springhead/src/Graphics\u0022,\u0020XPUAAAAA
		SccLocalPath6 = ..\\..\\Graphics
		CanCheckoutShared = true
		SccProjectUniqueName7 = ..\\..\\WinDX\\WinDX.vcproj
		SccProjectName7 = \u0022$/Project/Springhead/src/WinDX\u0022,\u0020ASUAAAAA
		SccLocalPath7 = ..\\..\\WinDX
		CanCheckoutShared = true
		SccProjectUniqueName8 = ..\\..\\GraphicsGL\\GraphicsGL.vcproj
		SccProjectName8 = \u0022$/Project/Springhead/src/GraphicsGL\u0022,\u0020XPUAAAAA
		SccLocalPath8 = ..\\..\\GraphicsGL
		CanCheckoutShared = true
		SccProjectUniqueName9 = ..\\..\\Framework\\Framework.vcproj
		SccProjectName9 = \u0022$/Project/Springhead/src/Framework\u0022,\u0020XPUAAAAA
		SccLocalPath9 = ..\\..\\Framework
		CanCheckoutShared = true
		SccProjectUniqueName10 = ..\\..\\HIS\\HIS.vcproj
		SccProjectName10 = \u0022$/Project/Springhead/src/HIS\u0022,\u0020WTBBAAAA
		SccLocalPath10 = ..\\..\\HIS
		CanCheckoutShared = true
		SccLocalPath11 = .
		CanCheckoutShared = true
		SolutionUniqueID = {5F18ACEC-3DF8-4BB4-88F6-B314FEF8030C}
		SccProjectUniqueName12 = ..\\..\\Base\\Base.vcproj
		SccProjectName12 = \u0022$/Project/Springhead/src/Base\u0022,\u0020XPUAAAAA
		SccLocalPath12 = ..\\..\\Base
		CanCheckoutShared = true
		SccProjectUniqueName13 = ..\\..\\Collision\\Collision.vcproj
		SccProjectName13 = \u0022$/Project/Springhead/src/Collision\u0022,\u0020XLXAAAAA
		SccLocalPath13 = ..\\..\\Collision
		CanCheckoutShared = true
	EndGlobalSection
	GlobalSection(SolutionConfiguration) = preSolution
		Debug = Debug
		MFC Debug = MFC Debug
		MFC Release = MFC Release
		Release = Release
	EndGlobalSection
	GlobalSection(ProjectConfiguration) = postSolution
		{A8D35AA5-F227-41A4-B8EB-A18BBED6E341}.Debug.ActiveCfg = Debug|Win32
		{A8D35AA5-F227-41A4-B8EB-A18BBED6E341}.Debug.Build.0 = Debug|Win32
		{A8D35AA5-F227-41A4-B8EB-A18BBED6E341}.MFC Debug.ActiveCfg = MFC Debug|Win32
		{A8D35AA5-F227-41A4-B8EB-A18BBED6E341}.MFC Debug.Build.0 = MFC Debug|Win32
		{A8D35AA5-F227-41A4-B8EB-A18BBED6E341}.MFC Release.ActiveCfg = MFC Release|Win32
		{A8D35AA5-F227-41A4-B8EB-A18BBED6E341}.MFC Release.Build.0 = MFC Release|Win32
		{A8D35AA5-F227-41A4-B8EB-A18BBED6E341}.Release.ActiveCfg = Release|Win32
		{A8D35AA5-F227-41A4-B8EB-A18BBED6E341}.Release.Build.0 = Release|Win32
		{6AF02961-62CD-4104-9DFD-371399AA05E3}.Debug.ActiveCfg = Debug|Win32
		{6AF02961-62CD-4104-9DFD-371399AA05E3}.Debug.Build.0 = Debug|Win32
		{6AF02961-62CD-4104-9DFD-371399AA05E3}.MFC Debug.ActiveCfg = MFC Debug|Win32
		{6AF02961-62CD-4104-9DFD-371399AA05E3}.MFC Debug.Build.0 = MFC Debug|Win32
		{6AF02961-62CD-4104-9DFD-371399AA05E3}.MFC Release.ActiveCfg = MFC Release|Win32
		{6AF02961-62CD-4104-9DFD-371399AA05E3}.MFC Release.Build.0 = MFC Release|Win32
		{6AF02961-62CD-4104-9DFD-371399AA05E3}.Release.ActiveCfg = Release|Win32
		{6AF02961-62CD-4104-9DFD-371399AA05E3}.Release.Build.0 = Release|Win32
		{FAD4828A-5645-426B-BDA7-FB2DF64A62AF}.Debug.ActiveCfg = Debug|Win32
		{FAD4828A-5645-426B-BDA7-FB2DF64A62AF}.Debug.Build.0 = Debug|Win32
		{FAD4828A-5645-426B-BDA7-FB2DF64A62AF}.MFC Debug.ActiveCfg = MFC Debug|Win32
		{FAD4828A-5645-426B-BDA7-FB2DF64A62AF}.MFC Debug.Build.0 = MFC Debug|Win32
		{FAD4828A-5645-426B-BDA7-FB2DF64A62AF}.MFC Release.ActiveCfg = MFC Release|Win32
		{FAD4828A-5645-426B-BDA7-FB2DF64A62AF}.MFC Release.Build.0 = MFC Release|Win32
		{FAD4828A-5645-426B-BDA7-FB2DF64A62AF}.Release.ActiveCfg = Release|Win32
		{FAD4828A-5645-426B-BDA7-FB2DF64A62AF}.Release.Build.0 = Release|Win32
		{20C2DCD1-1E00-44A6-B107-14F53F054DC3}.Debug.ActiveCfg = Debug|Win32
		{20C2DCD1-1E00-44A6-B107-14F53F054DC3}.Debug.Build.0 = Debug|Win32
		{20C2DCD1-1E00-44A6-B107-14F53F054DC3}.MFC Debug.ActiveCfg = MFC Debug|Win32
		{20C2DCD1-1E00-44A6-B107-14F53F054DC3}.MFC Debug.Build.0 = MFC Debug|Win32
		{20C2DCD1-1E00-44A6-B107-14F53F054DC3}.MFC Release.ActiveCfg = MFC Release|Win32
		{20C2DCD1-1E00-44A6-B107-14F53F054DC3}.MFC Release.Build.0 = MFC Release|Win32
		{20C2DCD1-1E00-44A6-B107-14F53F054DC3}.Release.ActiveCfg = Release|Win32
		{20C2DCD1-1E00-44A6-B107-14F53F054DC3}.Release.Build.0 = Release|Win32
		{2B6B54F6-C749-4091-B136-B14FF31ABBA7}.Debug.ActiveCfg = Debug|Win32
		{2B6B54F6-C749-4091-B136-B14FF31ABBA7}.Debug.Build.0 = Debug|Win32
		{2B6B54F6-C749-4091-B136-B14FF31ABBA7}.MFC Debug.ActiveCfg = MFC Debug|Win32
		{2B6B54F6-C749-4091-B136-B14FF31ABBA7}.MFC Debug.Build.0 = MFC Debug|Win32
		{2B6B54F6-C749-4091-B136-B14FF31ABBA7}.MFC Release.ActiveCfg = MFC Release|Win32
		{2B6B54F6-C749-4091-B136-B14FF31ABBA7}.MFC Release.Build.0 = MFC Release|Win32
		{2B6B54F6-C749-4091-B136-B14FF31ABBA7}.Release.ActiveCfg = Release|Win32
		{2B6B54F6-C749-4091-B136-B14FF31ABBA7}.Release.Build.0 = Release|Win32
		{632F553C-8DDD-476C-8317-6B848E5631D9}.Debug.ActiveCfg = Debug|Win32
		{632F553C-8DDD-476C-8317-6B848E5631D9}.Debug.Build.0 = Debug|Win32
		{632F553C-8DDD-476C-8317-6B848E5631D9}.MFC Debug.ActiveCfg = MFC Debug|Win32
		{632F553C-8DDD-476C-8317-6B848E5631D9}.MFC Debug.Build.0 = MFC Debug|Win32
		{632F553C-8DDD-476C-8317-6B848E5631D9}.MFC Release.ActiveCfg = MFC Release|Win32
		{632F553C-8DDD-476C-8317-6B848E5631D9}.MFC Release.Build.0 = MFC Release|Win32
		{632F553C-8DDD-476C-8317-6B848E5631D9}.Release.ActiveCfg = Release|Win32
		{632F553C-8DDD-476C-8317-6B848E5631D9}.Release.Build.0 = Release|Win32
		{DE7F73C4-7AF8-42FF-90DC-CFFFFCB2F756}.Debug.ActiveCfg = Debug|Win32
		{DE7F73C4-7AF8-42FF-90DC-CFFFFCB2F756}.Debug.Build.0 = Debug|Win32
		{DE7F73C4-7AF8-42FF-90DC-CFFFFCB2F756}.MFC Debug.ActiveCfg = MFC Debug|Win32
		{DE7F73C4-7AF8-42FF-90DC-CFFFFCB2F756}.MFC Debug.Build.0 = MFC Debug|Win32
		{DE7F73C4-7AF8-42FF-90DC-CFFFFCB2F756}.MFC Release.ActiveCfg = MFC Release|Win32
		{DE7F73C4-7AF8-42FF-90DC-CFFFFCB2F756}.MFC Release.Build.0 = MFC Release|Win32
		{DE7F73C4-7AF8-42FF-90DC-CFFFFCB2F756}.Release.ActiveCfg = Release|Win32
		{DE7F73C4-7AF8-42FF-90DC-CFFFFCB2F756}.Release.Build.0 = Release|Win32
		{225B4232-8994-4D0D-AE92-4DDE8E9B0870}.Debug.ActiveCfg = MFC Debug|Win32
		{225B4232-8994-4D0D-AE92-4DDE8E9B0870}.MFC Debug.ActiveCfg = MFC Debug|Win32
		{225B4232-8994-4D0D-AE92-4DDE8E9B0870}.MFC Debug.Build.0 = MFC Debug|Win32
		{225B4232-8994-4D0D-AE92-4DDE8E9B0870}.MFC Release.ActiveCfg = MFC Release|Win32
		{225B4232-8994-4D0D-AE92-4DDE8E9B0870}.MFC Release.Build.0 = MFC Release|Win32
		{225B4232-8994-4D0D-AE92-4DDE8E9B0870}.Release.ActiveCfg = MFC Release|Win32
		{DDC7E01E-5983-487B-9183-7FEDF9F61262}.Debug.ActiveCfg = Debug|Win32
		{DDC7E01E-5983-487B-9183-7FEDF9F61262}.Debug.Build.0 = Debug|Win32
		{DDC7E01E-5983-487B-9183-7FEDF9F61262}.MFC Debug.ActiveCfg = MFC Debug|Win32
		{DDC7E01E-5983-487B-9183-7FEDF9F61262}.MFC Debug.Build.0 = MFC Debug|Win32
		{DDC7E01E-5983-487B-9183-7FEDF9F61262}.MFC Release.ActiveCfg = MFC Release|Win32
		{DDC7E01E-5983-487B-9183-7FEDF9F61262}.MFC Release.Build.0 = MFC Release|Win32
		{DDC7E01E-5983-487B-9183-7FEDF9F61262}.Release.ActiveCfg = Release|Win32
		{DDC7E01E-5983-487B-9183-7FEDF9F61262}.Release.Build.0 = Release|Win32
		{7D0453D2-4242-496A-AE09-A6883FA49CF7}.Debug.ActiveCfg = Debug|Win32
		{7D0453D2-4242-496A-AE09-A6883FA49CF7}.Debug.Build.0 = Debug|Win32
		{7D0453D2-4242-496A-AE09-A6883FA49CF7}.MFC Debug.ActiveCfg = MFC Debug|Win32
		{7D0453D2-4242-496A-AE09-A6883FA49CF7}.MFC Debug.Build.0 = MFC Debug|Win32
		{7D0453D2-4242-496A-AE09-A6883FA49CF7}.MFC Release.ActiveCfg = MFC Release|Win32
		{7D0453D2-4242-496A-AE09-A6883FA49CF7}.MFC Release.Build.0 = MFC Release|Win32
		{7D0453D2-4242-496A-AE09-A6883FA49CF7}.Release.ActiveCfg = Release|Win32
		{7D0453D2-4242-496A-AE09-A6883FA49CF7}.Release.Build.0 = Release|Win32
		{1925A922-3152-4BDE-A685-91FF5D21D23C}.Debug.ActiveCfg = Debug|Win32
		{1925A922-3152-4BDE-A685-91FF5D21D23C}.Debug.Build.0 = Debug|Win32
		{1925A922-3152-4BDE-A685-91FF5D21D23C}.MFC Debug.ActiveCfg = MFC Debug|Win32
		{1925A922-3152-4BDE-A685-91FF5D21D23C}.MFC Debug.Build.0 = MFC Debug|Win32
		{1925A922-3152-4BDE-A685-91FF5D21D23C}.MFC Release.ActiveCfg = MFC Release|Win32
		{1925A922-3152-4BDE-A685-91FF5D21D23C}.MFC Release.Build.0 = MFC Release|Win32
		{1925A922-3152-4BDE-A685-91FF5D21D23C}.Release.ActiveCfg = Release|Win32
		{1925A922-3152-4BDE-A685-91FF5D21D23C}.Release.Build.0 = Release|Win32
		{6224980F-5C79-4D26-884B-B912EFC98DEF}.Debug.ActiveCfg = Debug|Win32
		{6224980F-5C79-4D26-884B-B912EFC98DEF}.Debug.Build.0 = Debug|Win32
		{6224980F-5C79-4D26-884B-B912EFC98DEF}.MFC Debug.ActiveCfg = MFC Debug|Win32
		{6224980F-5C79-4D26-884B-B912EFC98DEF}.MFC Debug.Build.0 = MFC Debug|Win32
		{6224980F-5C79-4D26-884B-B912EFC98DEF}.MFC Release.ActiveCfg = MFC Release|Win32
		{6224980F-5C79-4D26-884B-B912EFC98DEF}.MFC Release.Build.0 = MFC Release|Win32
		{6224980F-5C79-4D26-884B-B912EFC98DEF}.Release.ActiveCfg = Release|Win32
		{6224980F-5C79-4D26-884B-B912EFC98DEF}.Release.Build.0 = Release|Win32
		{7CA215F8-9252-474D-8FA1-0375E8B5D861}.Debug.ActiveCfg = Debug|Win32
		{7CA215F8-9252-474D-8FA1-0375E8B5D861}.Debug.Build.0 = Debug|Win32
		{7CA215F8-9252-474D-8FA1-0375E8B5D861}.MFC Debug.ActiveCfg = MFC Debug|Win32
		{7CA215F8-9252-474D-8FA1-0375E8B5D861}.MFC Debug.Build.0 = MFC Debug|Win32
		{7CA215F8-9252-474D-8FA1-0375E8B5D861}.MFC Release.ActiveCfg = MFC Release|Win32
		{7CA215F8-9252-474D-8FA1-0375E8B5D861}.MFC Release.Build.0 = MFC Release|Win32
		{7CA215F8-9252-474D-8FA1-0375E8B5D861}.Release.ActiveCfg = Release|Win32
		{7CA215F8-9252-474D-8FA1-0375E8B5D861}.Release.Build.0 = Release|Win32
	EndGlobalSection
	GlobalSection(ExtensibilityGlobals) = postSolution
	EndGlobalSection
	GlobalSection(ExtensibilityAddIns) = postSolution
	EndGlobalSection
EndGlobal
