Microsoft Visual Studio Solution File, Format Version 8.00
Project("{8BC9CEB8-8B4A-11D0-8D11-00A0C91BC942}") = "Quaternion", "Quaternion\Quaternion.vcproj", "{2862C2F4-36B9-4F84-AF07-5227CC580ACB}"
	ProjectSection(ProjectDependencies) = postProject
		{5DCE12F9-BD46-4623-933D-850BDF8D58D5} = {5DCE12F9-BD46-4623-933D-850BDF8D58D5}
	EndProjectSection
EndProject
Project("{8BC9CEB8-8B4A-11D0-8D11-00A0C91BC942}") = "Base", "..\Base.vcproj", "{67DD7027-472F-4EC0-9DBA-0B7F2FBB37B8}"
	ProjectSection(ProjectDependencies) = postProject
		{5DCE12F9-BD46-4623-933D-850BDF8D58D5} = {5DCE12F9-BD46-4623-933D-850BDF8D58D5}
	EndProjectSection
EndProject
Project("{8BC9CEB8-8B4A-11D0-8D11-00A0C91BC942}") = "affine", "Affine\affine.vcproj", "{5DCE12F9-BD46-4623-933D-850BDF8D58D5}"
	ProjectSection(ProjectDependencies) = postProject
	EndProjectSection
EndProject
Project("{8BC9CEB8-8B4A-11D0-8D11-00A0C91BC942}") = "MakeMat", "MakeMat\MakeMat.vcproj", "{0D1ED5E8-2D0D-44A2-9FF3-7AE2853B1BB7}"
	ProjectSection(ProjectDependencies) = postProject
		{5DCE12F9-BD46-4623-933D-850BDF8D58D5} = {5DCE12F9-BD46-4623-933D-850BDF8D58D5}
	EndProjectSection
EndProject
Project("{8BC9CEB8-8B4A-11D0-8D11-00A0C91BC942}") = "QuadProgram", "QuadProgram\QuadProgram.vcproj", "{4F6CAB8D-288F-409A-8455-AEE4EBEA0E96}"
	ProjectSection(ProjectDependencies) = postProject
		{5DCE12F9-BD46-4623-933D-850BDF8D58D5} = {5DCE12F9-BD46-4623-933D-850BDF8D58D5}
	EndProjectSection
EndProject
Project("{8BC9CEB8-8B4A-11D0-8D11-00A0C91BC942}") = "Vector", "Vector\Vector.vcproj", "{92C89023-66C1-4AFC-94CD-EBE78A5EE6AA}"
	ProjectSection(ProjectDependencies) = postProject
	EndProjectSection
EndProject
Project("{8BC9CEB8-8B4A-11D0-8D11-00A0C91BC942}") = "Matrix", "Matrix\Matrix.vcproj", "{EFB6BA0A-51F4-47EB-8341-D0E4AAD745C0}"
	ProjectSection(ProjectDependencies) = postProject
	EndProjectSection
EndProject
Global
	GlobalSection(SourceCodeControl) = preSolution
		SccNumberOfProjects = 1
		SccProjectUniqueName0 = Quaternion\\Quaternion.vcproj
		SccProjectName0 = \u0022$/Project/Springhead/src/Base/Samples/Quaternion\u0022,\u0020OTZAAAAA
		SccLocalPath0 = Quaternion
		SccProvider0 = MSSCCI:Microsoft\u0020Visual\u0020SourceSafe
	EndGlobalSection
	GlobalSection(SolutionConfiguration) = preSolution
		Debug = Debug
		MFC Debug = MFC Debug
		MFC Release = MFC Release
		Release = Release
	EndGlobalSection
	GlobalSection(ProjectConfiguration) = postSolution
		{2862C2F4-36B9-4F84-AF07-5227CC580ACB}.Debug.ActiveCfg = Debug|Win32
		{2862C2F4-36B9-4F84-AF07-5227CC580ACB}.Debug.Build.0 = Debug|Win32
		{2862C2F4-36B9-4F84-AF07-5227CC580ACB}.MFC Debug.ActiveCfg = Debug|Win32
		{2862C2F4-36B9-4F84-AF07-5227CC580ACB}.MFC Debug.Build.0 = Debug|Win32
		{2862C2F4-36B9-4F84-AF07-5227CC580ACB}.MFC Release.ActiveCfg = Debug|Win32
		{2862C2F4-36B9-4F84-AF07-5227CC580ACB}.MFC Release.Build.0 = Debug|Win32
		{2862C2F4-36B9-4F84-AF07-5227CC580ACB}.Release.ActiveCfg = Debug|Win32
		{2862C2F4-36B9-4F84-AF07-5227CC580ACB}.Release.Build.0 = Debug|Win32
		{67DD7027-472F-4EC0-9DBA-0B7F2FBB37B8}.Debug.ActiveCfg = Debug|Win32
		{67DD7027-472F-4EC0-9DBA-0B7F2FBB37B8}.Debug.Build.0 = Debug|Win32
		{67DD7027-472F-4EC0-9DBA-0B7F2FBB37B8}.MFC Debug.ActiveCfg = MFC Debug|Win32
		{67DD7027-472F-4EC0-9DBA-0B7F2FBB37B8}.MFC Debug.Build.0 = MFC Debug|Win32
		{67DD7027-472F-4EC0-9DBA-0B7F2FBB37B8}.MFC Release.ActiveCfg = MFC Release|Win32
		{67DD7027-472F-4EC0-9DBA-0B7F2FBB37B8}.MFC Release.Build.0 = MFC Release|Win32
		{67DD7027-472F-4EC0-9DBA-0B7F2FBB37B8}.Release.ActiveCfg = Release|Win32
		{67DD7027-472F-4EC0-9DBA-0B7F2FBB37B8}.Release.Build.0 = Release|Win32
		{5DCE12F9-BD46-4623-933D-850BDF8D58D5}.Debug.ActiveCfg = Debug|Win32
		{5DCE12F9-BD46-4623-933D-850BDF8D58D5}.Debug.Build.0 = Debug|Win32
		{5DCE12F9-BD46-4623-933D-850BDF8D58D5}.MFC Debug.ActiveCfg = Debug|Win32
		{5DCE12F9-BD46-4623-933D-850BDF8D58D5}.MFC Debug.Build.0 = Debug|Win32
		{5DCE12F9-BD46-4623-933D-850BDF8D58D5}.MFC Release.ActiveCfg = Debug|Win32
		{5DCE12F9-BD46-4623-933D-850BDF8D58D5}.MFC Release.Build.0 = Debug|Win32
		{5DCE12F9-BD46-4623-933D-850BDF8D58D5}.Release.ActiveCfg = Debug|Win32
		{5DCE12F9-BD46-4623-933D-850BDF8D58D5}.Release.Build.0 = Debug|Win32
		{0D1ED5E8-2D0D-44A2-9FF3-7AE2853B1BB7}.Debug.ActiveCfg = Debug|Win32
		{0D1ED5E8-2D0D-44A2-9FF3-7AE2853B1BB7}.Debug.Build.0 = Debug|Win32
		{0D1ED5E8-2D0D-44A2-9FF3-7AE2853B1BB7}.MFC Debug.ActiveCfg = Debug|Win32
		{0D1ED5E8-2D0D-44A2-9FF3-7AE2853B1BB7}.MFC Debug.Build.0 = Debug|Win32
		{0D1ED5E8-2D0D-44A2-9FF3-7AE2853B1BB7}.MFC Release.ActiveCfg = Release|Win32
		{0D1ED5E8-2D0D-44A2-9FF3-7AE2853B1BB7}.MFC Release.Build.0 = Release|Win32
		{0D1ED5E8-2D0D-44A2-9FF3-7AE2853B1BB7}.Release.ActiveCfg = Release|Win32
		{0D1ED5E8-2D0D-44A2-9FF3-7AE2853B1BB7}.Release.Build.0 = Release|Win32
		{4F6CAB8D-288F-409A-8455-AEE4EBEA0E96}.Debug.ActiveCfg = Debug|Win32
		{4F6CAB8D-288F-409A-8455-AEE4EBEA0E96}.Debug.Build.0 = Debug|Win32
		{4F6CAB8D-288F-409A-8455-AEE4EBEA0E96}.MFC Debug.ActiveCfg = Debug|Win32
		{4F6CAB8D-288F-409A-8455-AEE4EBEA0E96}.MFC Debug.Build.0 = Debug|Win32
		{4F6CAB8D-288F-409A-8455-AEE4EBEA0E96}.MFC Release.ActiveCfg = Release|Win32
		{4F6CAB8D-288F-409A-8455-AEE4EBEA0E96}.MFC Release.Build.0 = Release|Win32
		{4F6CAB8D-288F-409A-8455-AEE4EBEA0E96}.Release.ActiveCfg = Release|Win32
		{4F6CAB8D-288F-409A-8455-AEE4EBEA0E96}.Release.Build.0 = Release|Win32
		{92C89023-66C1-4AFC-94CD-EBE78A5EE6AA}.Debug.ActiveCfg = Debug|Win32
		{92C89023-66C1-4AFC-94CD-EBE78A5EE6AA}.Debug.Build.0 = Debug|Win32
		{92C89023-66C1-4AFC-94CD-EBE78A5EE6AA}.MFC Debug.ActiveCfg = Debug|Win32
		{92C89023-66C1-4AFC-94CD-EBE78A5EE6AA}.MFC Debug.Build.0 = Debug|Win32
		{92C89023-66C1-4AFC-94CD-EBE78A5EE6AA}.MFC Release.ActiveCfg = Debug|Win32
		{92C89023-66C1-4AFC-94CD-EBE78A5EE6AA}.MFC Release.Build.0 = Debug|Win32
		{92C89023-66C1-4AFC-94CD-EBE78A5EE6AA}.Release.ActiveCfg = Debug|Win32
		{92C89023-66C1-4AFC-94CD-EBE78A5EE6AA}.Release.Build.0 = Debug|Win32
		{EFB6BA0A-51F4-47EB-8341-D0E4AAD745C0}.Debug.ActiveCfg = Debug|Win32
		{EFB6BA0A-51F4-47EB-8341-D0E4AAD745C0}.Debug.Build.0 = Debug|Win32
		{EFB6BA0A-51F4-47EB-8341-D0E4AAD745C0}.MFC Debug.ActiveCfg = Debug|Win32
		{EFB6BA0A-51F4-47EB-8341-D0E4AAD745C0}.MFC Debug.Build.0 = Debug|Win32
		{EFB6BA0A-51F4-47EB-8341-D0E4AAD745C0}.MFC Release.ActiveCfg = Debug|Win32
		{EFB6BA0A-51F4-47EB-8341-D0E4AAD745C0}.MFC Release.Build.0 = Debug|Win32
		{EFB6BA0A-51F4-47EB-8341-D0E4AAD745C0}.Release.ActiveCfg = Debug|Win32
		{EFB6BA0A-51F4-47EB-8341-D0E4AAD745C0}.Release.Build.0 = Debug|Win32
	EndGlobalSection
	GlobalSection(ExtensibilityGlobals) = postSolution
	EndGlobalSection
	GlobalSection(ExtensibilityAddIns) = postSolution
	EndGlobalSection
EndGlobal
