Microsoft Visual Studio Solution File, Format Version 8.00
Project("{8BC9CEB8-8B4A-11D0-8D11-00A0C91BC942}") = "Base", "..\..\Base\Base.vcproj", "{BBE37D45-F21E-4558-A5B0-FBB7DCF6E98D}"
	ProjectSection(ProjectDependencies) = postProject
	EndProjectSection
EndProject
Project("{8BC9CEB8-8B4A-11D0-8D11-00A0C91BC942}") = "Collision", "..\..\Collision\Collision.vcproj", "{79FB56E7-642C-4C32-ADBA-7794C81F4E13}"
	ProjectSection(ProjectDependencies) = postProject
	EndProjectSection
EndProject
Project("{8BC9CEB8-8B4A-11D0-8D11-00A0C91BC942}") = "Device", "..\..\Device\Device.vcproj", "{81C282C0-00D7-4C2B-8E2C-6A675A6790EA}"
	ProjectSection(ProjectDependencies) = postProject
	EndProjectSection
EndProject
Project("{8BC9CEB8-8B4A-11D0-8D11-00A0C91BC942}") = "FileIO", "..\..\FileIO\FileIO.vcproj", "{C38F850A-88CF-4D91-99FE-CA5057DB05F4}"
	ProjectSection(ProjectDependencies) = postProject
	EndProjectSection
EndProject
Project("{8BC9CEB8-8B4A-11D0-8D11-00A0C91BC942}") = "Framework", "..\..\Framework\Framework.vcproj", "{DFB3EBA8-8D16-411B-98D1-D6076F68A558}"
	ProjectSection(ProjectDependencies) = postProject
	EndProjectSection
EndProject
Project("{8BC9CEB8-8B4A-11D0-8D11-00A0C91BC942}") = "Graphics", "..\..\Graphics\Graphics.vcproj", "{94C98168-63E7-4A42-B7EE-B325B9B19C16}"
	ProjectSection(ProjectDependencies) = postProject
	EndProjectSection
EndProject
Project("{8BC9CEB8-8B4A-11D0-8D11-00A0C91BC942}") = "HIS", "..\..\HIS\HIS.vcproj", "{BAA001AF-92EB-4A75-B776-93EE341C1A1F}"
	ProjectSection(ProjectDependencies) = postProject
	EndProjectSection
EndProject
Project("{8BC9CEB8-8B4A-11D0-8D11-00A0C91BC942}") = "ImpD3D", "..\..\ImpD3D\ImpD3D.vcproj", "{3BB59311-38F4-4DDC-971D-E994ACB0F227}"
	ProjectSection(ProjectDependencies) = postProject
	EndProjectSection
EndProject
Project("{8BC9CEB8-8B4A-11D0-8D11-00A0C91BC942}") = "Physics", "..\..\Physics\Physics.vcproj", "{F571FFF3-109B-4804-974C-12AB993801C1}"
	ProjectSection(ProjectDependencies) = postProject
	EndProjectSection
EndProject
Project("{8BC9CEB8-8B4A-11D0-8D11-00A0C91BC942}") = "SceneGraph", "..\..\SceneGraph\SceneGraph.vcproj", "{16FC08DD-77F0-4353-B493-FA870C239EF5}"
	ProjectSection(ProjectDependencies) = postProject
	EndProjectSection
EndProject
Project("{8BC9CEB8-8B4A-11D0-8D11-00A0C91BC942}") = "WinBasis", "..\..\WinBasis\WinBasis.vcproj", "{366A47D8-3E05-4759-8999-B8D3FC9C23C7}"
	ProjectSection(ProjectDependencies) = postProject
	EndProjectSection
EndProject
Project("{8BC9CEB8-8B4A-11D0-8D11-00A0C91BC942}") = "WinDX", "..\..\WinDX\WinDX.vcproj", "{7D0453D2-4242-496A-AE09-A6883FA49CF7}"
	ProjectSection(ProjectDependencies) = postProject
	EndProjectSection
EndProject
Project("{8BC9CEB8-8B4A-11D0-8D11-00A0C91BC942}") = "GraphicsGL", "..\..\GraphicsGL\GraphicsGL.vcproj", "{1925A922-3152-4BDE-A685-91FF5D21D23C}"
	ProjectSection(ProjectDependencies) = postProject
	EndProjectSection
EndProject
Project("{8BC9CEB8-8B4A-11D0-8D11-00A0C91BC942}") = "DynaHaptic", "DynaHaptic.vcproj", "{0A0B71C9-3EF0-47AC-9454-8ECCA1860CFA}"
	ProjectSection(ProjectDependencies) = postProject
		{C38F850A-88CF-4D91-99FE-CA5057DB05F4} = {C38F850A-88CF-4D91-99FE-CA5057DB05F4}
		{3BB59311-38F4-4DDC-971D-E994ACB0F227} = {3BB59311-38F4-4DDC-971D-E994ACB0F227}
		{1925A922-3152-4BDE-A685-91FF5D21D23C} = {1925A922-3152-4BDE-A685-91FF5D21D23C}
		{BBE37D45-F21E-4558-A5B0-FBB7DCF6E98D} = {BBE37D45-F21E-4558-A5B0-FBB7DCF6E98D}
		{94C98168-63E7-4A42-B7EE-B325B9B19C16} = {94C98168-63E7-4A42-B7EE-B325B9B19C16}
		{DFB3EBA8-8D16-411B-98D1-D6076F68A558} = {DFB3EBA8-8D16-411B-98D1-D6076F68A558}
		{BAA001AF-92EB-4A75-B776-93EE341C1A1F} = {BAA001AF-92EB-4A75-B776-93EE341C1A1F}
		{81C282C0-00D7-4C2B-8E2C-6A675A6790EA} = {81C282C0-00D7-4C2B-8E2C-6A675A6790EA}
		{7D0453D2-4242-496A-AE09-A6883FA49CF7} = {7D0453D2-4242-496A-AE09-A6883FA49CF7}
		{366A47D8-3E05-4759-8999-B8D3FC9C23C7} = {366A47D8-3E05-4759-8999-B8D3FC9C23C7}
		{16FC08DD-77F0-4353-B493-FA870C239EF5} = {16FC08DD-77F0-4353-B493-FA870C239EF5}
		{79FB56E7-642C-4C32-ADBA-7794C81F4E13} = {79FB56E7-642C-4C32-ADBA-7794C81F4E13}
		{F571FFF3-109B-4804-974C-12AB993801C1} = {F571FFF3-109B-4804-974C-12AB993801C1}
	EndProjectSection
EndProject
Project("{8BC9CEB8-8B4A-11D0-8D11-00A0C91BC942}") = "Creature", "..\..\Creature\Creature.vcproj", "{A9F6BC3A-448D-46F6-81F6-2C39D3FC2A46}"
	ProjectSection(ProjectDependencies) = postProject
	EndProjectSection
EndProject
Global
	GlobalSection(SourceCodeControl) = preSolution
		SccNumberOfProjects = 16
		SccLocalPath0 = .
		CanCheckoutShared = true
		SolutionUniqueID = {D6D775C3-99B3-4E22-8C26-5FBDC5C0F16A}
		SccProjectUniqueName1 = ..\\..\\Base\\Base.vcproj
		SccProjectName1 = \u0022$/Project/Springhead/src/Base\u0022,\u0020XPUAAAAA
		SccLocalPath1 = ..\\..\\Base
		CanCheckoutShared = true
		SccProjectUniqueName2 = ..\\..\\Collision\\Collision.vcproj
		SccProjectName2 = \u0022$/Project/Springhead/src/Collision\u0022,\u0020XLXAAAAA
		SccLocalPath2 = ..\\..\\Collision
		CanCheckoutShared = true
		SccProjectUniqueName3 = ..\\..\\Device\\Device.vcproj
		SccProjectName3 = \u0022$/Project/Springhead/src/Device\u0022,\u0020MCKAAAAA
		SccLocalPath3 = ..\\..\\Device
		CanCheckoutShared = true
		SccProjectUniqueName4 = ..\\..\\FileIO\\FileIO.vcproj
		SccProjectName4 = \u0022$/Project/Springhead/src/FileIO\u0022,\u0020QUUAAAAA
		SccLocalPath4 = ..\\..\\FileIO
		CanCheckoutShared = true
		SccProjectUniqueName5 = ..\\..\\Framework\\Framework.vcproj
		SccProjectName5 = \u0022$/Project/Springhead/src/Framework\u0022,\u0020XPUAAAAA
		SccLocalPath5 = ..\\..\\Framework
		CanCheckoutShared = true
		SccProjectUniqueName6 = ..\\..\\Graphics\\Graphics.vcproj
		SccProjectName6 = \u0022$/Project/Springhead/src/Graphics\u0022,\u0020XPUAAAAA
		SccLocalPath6 = ..\\..\\Graphics
		CanCheckoutShared = true
		SccProjectUniqueName7 = ..\\..\\HIS\\HIS.vcproj
		SccProjectName7 = \u0022$/Project/Springhead/src/HIS\u0022,\u0020WTBBAAAA
		SccLocalPath7 = ..\\..\\HIS
		CanCheckoutShared = true
		SccProjectUniqueName8 = ..\\..\\ImpD3D\\ImpD3D.vcproj
		SccProjectName8 = \u0022$/Project/Springhead/src/ImpD3D\u0022,\u0020RUUAAAAA
		SccLocalPath8 = ..\\..\\ImpD3D
		CanCheckoutShared = true
		SccProjectUniqueName9 = ..\\..\\Physics\\Physics.vcproj
		SccProjectName9 = \u0022$/Project/Springhead/src/Physics\u0022,\u0020OOXAAAAA
		SccLocalPath9 = ..\\..\\Physics
		CanCheckoutShared = true
		SccProjectUniqueName10 = ..\\..\\SceneGraph\\SceneGraph.vcproj
		SccProjectName10 = \u0022$/Project/Springhead/src/SceneGraph\u0022,\u0020DTUAAAAA
		SccLocalPath10 = ..\\..\\SceneGraph
		CanCheckoutShared = true
		SccProjectUniqueName11 = ..\\..\\WinBasis\\WinBasis.vcproj
		SccProjectName11 = \u0022$/Project/Springhead/src/WinBasis\u0022,\u0020WQUAAAAA
		SccLocalPath11 = ..\\..\\WinBasis
		CanCheckoutShared = true
		SccProjectUniqueName12 = ..\\..\\WinDX\\WinDX.vcproj
		SccProjectName12 = \u0022$/Project/Springhead/src/WinDX\u0022,\u0020ASUAAAAA
		SccLocalPath12 = ..\\..\\WinDX
		CanCheckoutShared = true
		SccProjectUniqueName13 = ..\\..\\GraphicsGL\\GraphicsGL.vcproj
		SccProjectName13 = \u0022$/Project/Springhead/src/GraphicsGL\u0022,\u0020XPUAAAAA
		SccLocalPath13 = ..\\..\\GraphicsGL
		CanCheckoutShared = true
		SccProjectUniqueName14 = DynaHaptic.vcproj
		SccLocalPath14 = .
		CanCheckoutShared = true
		SccProjectUniqueName15 = ..\\..\\Creature\\Creature.vcproj
		SccProjectName15 = \u0022$/Project/Springhead/src/Creature\u0022,\u0020OOXAAAAA
		SccLocalPath15 = ..\\..\\Creature
		CanCheckoutShared = true
	EndGlobalSection
	GlobalSection(SolutionConfiguration) = preSolution
		Debug = Debug
		MFC Debug = MFC Debug
		MFC Release = MFC Release
		Release = Release
	EndGlobalSection
	GlobalSection(ProjectConfiguration) = postSolution
		{BBE37D45-F21E-4558-A5B0-FBB7DCF6E98D}.Debug.ActiveCfg = Debug|Win32
		{BBE37D45-F21E-4558-A5B0-FBB7DCF6E98D}.Debug.Build.0 = Debug|Win32
		{BBE37D45-F21E-4558-A5B0-FBB7DCF6E98D}.MFC Debug.ActiveCfg = MFC Debug|Win32
		{BBE37D45-F21E-4558-A5B0-FBB7DCF6E98D}.MFC Debug.Build.0 = MFC Debug|Win32
		{BBE37D45-F21E-4558-A5B0-FBB7DCF6E98D}.MFC Release.ActiveCfg = MFC Release|Win32
		{BBE37D45-F21E-4558-A5B0-FBB7DCF6E98D}.MFC Release.Build.0 = MFC Release|Win32
		{BBE37D45-F21E-4558-A5B0-FBB7DCF6E98D}.Release.ActiveCfg = Release|Win32
		{BBE37D45-F21E-4558-A5B0-FBB7DCF6E98D}.Release.Build.0 = Release|Win32
		{79FB56E7-642C-4C32-ADBA-7794C81F4E13}.Debug.ActiveCfg = Debug|Win32
		{79FB56E7-642C-4C32-ADBA-7794C81F4E13}.Debug.Build.0 = Debug|Win32
		{79FB56E7-642C-4C32-ADBA-7794C81F4E13}.MFC Debug.ActiveCfg = MFC Debug|Win32
		{79FB56E7-642C-4C32-ADBA-7794C81F4E13}.MFC Debug.Build.0 = MFC Debug|Win32
		{79FB56E7-642C-4C32-ADBA-7794C81F4E13}.MFC Release.ActiveCfg = MFC Release|Win32
		{79FB56E7-642C-4C32-ADBA-7794C81F4E13}.MFC Release.Build.0 = MFC Release|Win32
		{79FB56E7-642C-4C32-ADBA-7794C81F4E13}.Release.ActiveCfg = Release|Win32
		{79FB56E7-642C-4C32-ADBA-7794C81F4E13}.Release.Build.0 = Release|Win32
		{81C282C0-00D7-4C2B-8E2C-6A675A6790EA}.Debug.ActiveCfg = Debug|Win32
		{81C282C0-00D7-4C2B-8E2C-6A675A6790EA}.Debug.Build.0 = Debug|Win32
		{81C282C0-00D7-4C2B-8E2C-6A675A6790EA}.MFC Debug.ActiveCfg = MFC Debug|Win32
		{81C282C0-00D7-4C2B-8E2C-6A675A6790EA}.MFC Debug.Build.0 = MFC Debug|Win32
		{81C282C0-00D7-4C2B-8E2C-6A675A6790EA}.MFC Release.ActiveCfg = MFC Release|Win32
		{81C282C0-00D7-4C2B-8E2C-6A675A6790EA}.MFC Release.Build.0 = MFC Release|Win32
		{81C282C0-00D7-4C2B-8E2C-6A675A6790EA}.Release.ActiveCfg = Release|Win32
		{81C282C0-00D7-4C2B-8E2C-6A675A6790EA}.Release.Build.0 = Release|Win32
		{C38F850A-88CF-4D91-99FE-CA5057DB05F4}.Debug.ActiveCfg = Debug|Win32
		{C38F850A-88CF-4D91-99FE-CA5057DB05F4}.Debug.Build.0 = Debug|Win32
		{C38F850A-88CF-4D91-99FE-CA5057DB05F4}.MFC Debug.ActiveCfg = MFC Debug|Win32
		{C38F850A-88CF-4D91-99FE-CA5057DB05F4}.MFC Debug.Build.0 = MFC Debug|Win32
		{C38F850A-88CF-4D91-99FE-CA5057DB05F4}.MFC Release.ActiveCfg = MFC Release|Win32
		{C38F850A-88CF-4D91-99FE-CA5057DB05F4}.MFC Release.Build.0 = MFC Release|Win32
		{C38F850A-88CF-4D91-99FE-CA5057DB05F4}.Release.ActiveCfg = Release|Win32
		{C38F850A-88CF-4D91-99FE-CA5057DB05F4}.Release.Build.0 = Release|Win32
		{DFB3EBA8-8D16-411B-98D1-D6076F68A558}.Debug.ActiveCfg = Debug|Win32
		{DFB3EBA8-8D16-411B-98D1-D6076F68A558}.Debug.Build.0 = Debug|Win32
		{DFB3EBA8-8D16-411B-98D1-D6076F68A558}.MFC Debug.ActiveCfg = MFC Debug|Win32
		{DFB3EBA8-8D16-411B-98D1-D6076F68A558}.MFC Debug.Build.0 = MFC Debug|Win32
		{DFB3EBA8-8D16-411B-98D1-D6076F68A558}.MFC Release.ActiveCfg = MFC Release|Win32
		{DFB3EBA8-8D16-411B-98D1-D6076F68A558}.MFC Release.Build.0 = MFC Release|Win32
		{DFB3EBA8-8D16-411B-98D1-D6076F68A558}.Release.ActiveCfg = Release|Win32
		{DFB3EBA8-8D16-411B-98D1-D6076F68A558}.Release.Build.0 = Release|Win32
		{94C98168-63E7-4A42-B7EE-B325B9B19C16}.Debug.ActiveCfg = Debug|Win32
		{94C98168-63E7-4A42-B7EE-B325B9B19C16}.Debug.Build.0 = Debug|Win32
		{94C98168-63E7-4A42-B7EE-B325B9B19C16}.MFC Debug.ActiveCfg = MFC Debug|Win32
		{94C98168-63E7-4A42-B7EE-B325B9B19C16}.MFC Debug.Build.0 = MFC Debug|Win32
		{94C98168-63E7-4A42-B7EE-B325B9B19C16}.MFC Release.ActiveCfg = MFC Release|Win32
		{94C98168-63E7-4A42-B7EE-B325B9B19C16}.MFC Release.Build.0 = MFC Release|Win32
		{94C98168-63E7-4A42-B7EE-B325B9B19C16}.Release.ActiveCfg = Release|Win32
		{94C98168-63E7-4A42-B7EE-B325B9B19C16}.Release.Build.0 = Release|Win32
		{BAA001AF-92EB-4A75-B776-93EE341C1A1F}.Debug.ActiveCfg = Debug|Win32
		{BAA001AF-92EB-4A75-B776-93EE341C1A1F}.Debug.Build.0 = Debug|Win32
		{BAA001AF-92EB-4A75-B776-93EE341C1A1F}.MFC Debug.ActiveCfg = MFC Debug|Win32
		{BAA001AF-92EB-4A75-B776-93EE341C1A1F}.MFC Debug.Build.0 = MFC Debug|Win32
		{BAA001AF-92EB-4A75-B776-93EE341C1A1F}.MFC Release.ActiveCfg = MFC Release|Win32
		{BAA001AF-92EB-4A75-B776-93EE341C1A1F}.MFC Release.Build.0 = MFC Release|Win32
		{BAA001AF-92EB-4A75-B776-93EE341C1A1F}.Release.ActiveCfg = Release|Win32
		{BAA001AF-92EB-4A75-B776-93EE341C1A1F}.Release.Build.0 = Release|Win32
		{3BB59311-38F4-4DDC-971D-E994ACB0F227}.Debug.ActiveCfg = Debug|Win32
		{3BB59311-38F4-4DDC-971D-E994ACB0F227}.Debug.Build.0 = Debug|Win32
		{3BB59311-38F4-4DDC-971D-E994ACB0F227}.MFC Debug.ActiveCfg = MFC Debug|Win32
		{3BB59311-38F4-4DDC-971D-E994ACB0F227}.MFC Debug.Build.0 = MFC Debug|Win32
		{3BB59311-38F4-4DDC-971D-E994ACB0F227}.MFC Release.ActiveCfg = MFC Release|Win32
		{3BB59311-38F4-4DDC-971D-E994ACB0F227}.MFC Release.Build.0 = MFC Release|Win32
		{3BB59311-38F4-4DDC-971D-E994ACB0F227}.Release.ActiveCfg = Release|Win32
		{3BB59311-38F4-4DDC-971D-E994ACB0F227}.Release.Build.0 = Release|Win32
		{F571FFF3-109B-4804-974C-12AB993801C1}.Debug.ActiveCfg = Debug|Win32
		{F571FFF3-109B-4804-974C-12AB993801C1}.Debug.Build.0 = Debug|Win32
		{F571FFF3-109B-4804-974C-12AB993801C1}.MFC Debug.ActiveCfg = MFC Debug|Win32
		{F571FFF3-109B-4804-974C-12AB993801C1}.MFC Debug.Build.0 = MFC Debug|Win32
		{F571FFF3-109B-4804-974C-12AB993801C1}.MFC Release.ActiveCfg = MFC Release|Win32
		{F571FFF3-109B-4804-974C-12AB993801C1}.MFC Release.Build.0 = MFC Release|Win32
		{F571FFF3-109B-4804-974C-12AB993801C1}.Release.ActiveCfg = Release|Win32
		{F571FFF3-109B-4804-974C-12AB993801C1}.Release.Build.0 = Release|Win32
		{16FC08DD-77F0-4353-B493-FA870C239EF5}.Debug.ActiveCfg = Debug|Win32
		{16FC08DD-77F0-4353-B493-FA870C239EF5}.Debug.Build.0 = Debug|Win32
		{16FC08DD-77F0-4353-B493-FA870C239EF5}.MFC Debug.ActiveCfg = MFC Debug|Win32
		{16FC08DD-77F0-4353-B493-FA870C239EF5}.MFC Debug.Build.0 = MFC Debug|Win32
		{16FC08DD-77F0-4353-B493-FA870C239EF5}.MFC Release.ActiveCfg = MFC Release|Win32
		{16FC08DD-77F0-4353-B493-FA870C239EF5}.MFC Release.Build.0 = MFC Release|Win32
		{16FC08DD-77F0-4353-B493-FA870C239EF5}.Release.ActiveCfg = Release|Win32
		{16FC08DD-77F0-4353-B493-FA870C239EF5}.Release.Build.0 = Release|Win32
		{366A47D8-3E05-4759-8999-B8D3FC9C23C7}.Debug.ActiveCfg = Debug|Win32
		{366A47D8-3E05-4759-8999-B8D3FC9C23C7}.Debug.Build.0 = Debug|Win32
		{366A47D8-3E05-4759-8999-B8D3FC9C23C7}.MFC Debug.ActiveCfg = MFC Debug|Win32
		{366A47D8-3E05-4759-8999-B8D3FC9C23C7}.MFC Debug.Build.0 = MFC Debug|Win32
		{366A47D8-3E05-4759-8999-B8D3FC9C23C7}.MFC Release.ActiveCfg = MFC Release|Win32
		{366A47D8-3E05-4759-8999-B8D3FC9C23C7}.MFC Release.Build.0 = MFC Release|Win32
		{366A47D8-3E05-4759-8999-B8D3FC9C23C7}.Release.ActiveCfg = Release|Win32
		{366A47D8-3E05-4759-8999-B8D3FC9C23C7}.Release.Build.0 = Release|Win32
		{7D0453D2-4242-496A-AE09-A6883FA49CF7}.Debug.ActiveCfg = Debug|Win32
		{7D0453D2-4242-496A-AE09-A6883FA49CF7}.Debug.Build.0 = Debug|Win32
		{7D0453D2-4242-496A-AE09-A6883FA49CF7}.MFC Debug.ActiveCfg = MFC Debug|Win32
		{7D0453D2-4242-496A-AE09-A6883FA49CF7}.MFC Debug.Build.0 = MFC Debug|Win32
		{7D0453D2-4242-496A-AE09-A6883FA49CF7}.MFC Release.ActiveCfg = MFC Release|Win32
		{7D0453D2-4242-496A-AE09-A6883FA49CF7}.MFC Release.Build.0 = MFC Release|Win32
		{7D0453D2-4242-496A-AE09-A6883FA49CF7}.Release.ActiveCfg = Release|Win32
		{7D0453D2-4242-496A-AE09-A6883FA49CF7}.Release.Build.0 = Release|Win32
		{1925A922-3152-4BDE-A685-91FF5D21D23C}.Debug.ActiveCfg = Debug|Win32
		{1925A922-3152-4BDE-A685-91FF5D21D23C}.Debug.Build.0 = Debug|Win32
		{1925A922-3152-4BDE-A685-91FF5D21D23C}.MFC Debug.ActiveCfg = MFC Debug|Win32
		{1925A922-3152-4BDE-A685-91FF5D21D23C}.MFC Debug.Build.0 = MFC Debug|Win32
		{1925A922-3152-4BDE-A685-91FF5D21D23C}.MFC Release.ActiveCfg = MFC Release|Win32
		{1925A922-3152-4BDE-A685-91FF5D21D23C}.MFC Release.Build.0 = MFC Release|Win32
		{1925A922-3152-4BDE-A685-91FF5D21D23C}.Release.ActiveCfg = Release|Win32
		{1925A922-3152-4BDE-A685-91FF5D21D23C}.Release.Build.0 = Release|Win32
		{0A0B71C9-3EF0-47AC-9454-8ECCA1860CFA}.Debug.ActiveCfg = MFC Debug|Win32
		{0A0B71C9-3EF0-47AC-9454-8ECCA1860CFA}.Debug.Build.0 = MFC Debug|Win32
		{0A0B71C9-3EF0-47AC-9454-8ECCA1860CFA}.MFC Debug.ActiveCfg = MFC Debug|Win32
		{0A0B71C9-3EF0-47AC-9454-8ECCA1860CFA}.MFC Debug.Build.0 = MFC Debug|Win32
		{0A0B71C9-3EF0-47AC-9454-8ECCA1860CFA}.MFC Release.ActiveCfg = MFC Release|Win32
		{0A0B71C9-3EF0-47AC-9454-8ECCA1860CFA}.MFC Release.Build.0 = MFC Release|Win32
		{0A0B71C9-3EF0-47AC-9454-8ECCA1860CFA}.Release.ActiveCfg = MFC Release|Win32
		{0A0B71C9-3EF0-47AC-9454-8ECCA1860CFA}.Release.Build.0 = MFC Release|Win32
		{A9F6BC3A-448D-46F6-81F6-2C39D3FC2A46}.Debug.ActiveCfg = Debug|Win32
		{A9F6BC3A-448D-46F6-81F6-2C39D3FC2A46}.Debug.Build.0 = Debug|Win32
		{A9F6BC3A-448D-46F6-81F6-2C39D3FC2A46}.MFC Debug.ActiveCfg = MFC Debug|Win32
		{A9F6BC3A-448D-46F6-81F6-2C39D3FC2A46}.MFC Debug.Build.0 = MFC Debug|Win32
		{A9F6BC3A-448D-46F6-81F6-2C39D3FC2A46}.MFC Release.ActiveCfg = MFC Release|Win32
		{A9F6BC3A-448D-46F6-81F6-2C39D3FC2A46}.MFC Release.Build.0 = MFC Release|Win32
		{A9F6BC3A-448D-46F6-81F6-2C39D3FC2A46}.Release.ActiveCfg = Release|Win32
		{A9F6BC3A-448D-46F6-81F6-2C39D3FC2A46}.Release.Build.0 = Release|Win32
	EndGlobalSection
	GlobalSection(ExtensibilityGlobals) = postSolution
	EndGlobalSection
	GlobalSection(ExtensibilityAddIns) = postSolution
	EndGlobalSection
EndGlobal
