Microsoft Visual Studio Solution File, Format Version 8.00
Project("{8BC9CEB8-8B4A-11D0-8D11-00A0C91BC942}") = "Base", "..\..\Springhead\src\Base\Base.vcproj", "{E1D7DF82-4364-451D-8709-8B65731F102A}"
	ProjectSection(ProjectDependencies) = postProject
	EndProjectSection
EndProject
Project("{8BC9CEB8-8B4A-11D0-8D11-00A0C91BC942}") = "Collision", "..\..\Springhead\src\Collision\Collision.vcproj", "{CD3934FA-4FF4-42E8-83FF-CF3D1A4148FD}"
	ProjectSection(ProjectDependencies) = postProject
		{E1D7DF82-4364-451D-8709-8B65731F102A} = {E1D7DF82-4364-451D-8709-8B65731F102A}
	EndProjectSection
EndProject
Project("{8BC9CEB8-8B4A-11D0-8D11-00A0C91BC942}") = "FileIO", "..\..\Springhead\src\FileIO\FileIO.vcproj", "{ADA6B462-320B-4C78-848F-C520EA2C9BDF}"
	ProjectSection(ProjectDependencies) = postProject
		{E1D7DF82-4364-451D-8709-8B65731F102A} = {E1D7DF82-4364-451D-8709-8B65731F102A}
	EndProjectSection
EndProject
Project("{8BC9CEB8-8B4A-11D0-8D11-00A0C91BC942}") = "Graphics", "..\..\Springhead\src\Graphics\Graphics.vcproj", "{029A743F-5870-4C60-9302-4B9EC733142F}"
	ProjectSection(ProjectDependencies) = postProject
		{E1D7DF82-4364-451D-8709-8B65731F102A} = {E1D7DF82-4364-451D-8709-8B65731F102A}
	EndProjectSection
EndProject
Project("{8BC9CEB8-8B4A-11D0-8D11-00A0C91BC942}") = "ImpD3D", "..\..\Springhead\src\ImpD3D\ImpD3D.vcproj", "{C0AF860B-C508-4AE2-93C4-F528503F063D}"
	ProjectSection(ProjectDependencies) = postProject
		{3D973678-2A6B-4458-8911-FD786FD87115} = {3D973678-2A6B-4458-8911-FD786FD87115}
		{E1D7DF82-4364-451D-8709-8B65731F102A} = {E1D7DF82-4364-451D-8709-8B65731F102A}
	EndProjectSection
EndProject
Project("{8BC9CEB8-8B4A-11D0-8D11-00A0C91BC942}") = "Physics", "..\..\Springhead\src\Physics\Physics.vcproj", "{D62F21B0-306A-4B64-A154-0850B1F45B92}"
	ProjectSection(ProjectDependencies) = postProject
		{E1D7DF82-4364-451D-8709-8B65731F102A} = {E1D7DF82-4364-451D-8709-8B65731F102A}
	EndProjectSection
EndProject
Project("{8BC9CEB8-8B4A-11D0-8D11-00A0C91BC942}") = "SceneGraph", "..\..\Springhead\src\SceneGraph\SceneGraph.vcproj", "{20076C5B-02F2-4AE6-A738-7AFAF8CD5371}"
	ProjectSection(ProjectDependencies) = postProject
	EndProjectSection
EndProject
Project("{8BC9CEB8-8B4A-11D0-8D11-00A0C91BC942}") = "WinBasis", "..\..\Springhead\src\WinBasis\WinBasis.vcproj", "{3D973678-2A6B-4458-8911-FD786FD87115}"
	ProjectSection(ProjectDependencies) = postProject
		{E1D7DF82-4364-451D-8709-8B65731F102A} = {E1D7DF82-4364-451D-8709-8B65731F102A}
	EndProjectSection
EndProject
Project("{8BC9CEB8-8B4A-11D0-8D11-00A0C91BC942}") = "WinDX8", "..\..\Springhead\src\WinDX\WinDX8.vcproj", "{01299FEF-DE63-484C-A8D6-20ECE42DCD80}"
	ProjectSection(ProjectDependencies) = postProject
		{3D973678-2A6B-4458-8911-FD786FD87115} = {3D973678-2A6B-4458-8911-FD786FD87115}
	EndProjectSection
EndProject
Project("{8BC9CEB8-8B4A-11D0-8D11-00A0C91BC942}") = "Beetle", "Beetle.vcproj", "{A7F12C2E-E71A-446A-9BA0-A8070D41B88E}"
	ProjectSection(ProjectDependencies) = postProject
	EndProjectSection
EndProject
Global
	GlobalSection(SourceCodeControl) = preSolution
		SccNumberOfProjects = 1
		SccProjectUniqueName0 = ..\\..\\Springhead\\src\\Base\\Base.vcproj
		SccProjectName0 = \u0022$/Project/Springhead/src/Base\u0022,\u0020XPUAAAAA
		SccLocalPath0 = ..\\..\\Springhead\\src\\Base
		SccProvider0 = MSSCCI:Microsoft\u0020Visual\u0020SourceSafe
	EndGlobalSection
	GlobalSection(SolutionConfiguration) = preSolution
		Debug = Debug
		MFC Debug = MFC Debug
		MFC Release = MFC Release
		Release = Release
	EndGlobalSection
	GlobalSection(ProjectConfiguration) = postSolution
		{E1D7DF82-4364-451D-8709-8B65731F102A}.Debug.ActiveCfg = Debug|Win32
		{E1D7DF82-4364-451D-8709-8B65731F102A}.Debug.Build.0 = Debug|Win32
		{E1D7DF82-4364-451D-8709-8B65731F102A}.MFC Debug.ActiveCfg = MFC Debug|Win32
		{E1D7DF82-4364-451D-8709-8B65731F102A}.MFC Debug.Build.0 = MFC Debug|Win32
		{E1D7DF82-4364-451D-8709-8B65731F102A}.MFC Release.ActiveCfg = MFC Release|Win32
		{E1D7DF82-4364-451D-8709-8B65731F102A}.MFC Release.Build.0 = MFC Release|Win32
		{E1D7DF82-4364-451D-8709-8B65731F102A}.Release.ActiveCfg = Release|Win32
		{E1D7DF82-4364-451D-8709-8B65731F102A}.Release.Build.0 = Release|Win32
		{CD3934FA-4FF4-42E8-83FF-CF3D1A4148FD}.Debug.ActiveCfg = Debug|Win32
		{CD3934FA-4FF4-42E8-83FF-CF3D1A4148FD}.Debug.Build.0 = Debug|Win32
		{CD3934FA-4FF4-42E8-83FF-CF3D1A4148FD}.MFC Debug.ActiveCfg = MFC Debug|Win32
		{CD3934FA-4FF4-42E8-83FF-CF3D1A4148FD}.MFC Debug.Build.0 = MFC Debug|Win32
		{CD3934FA-4FF4-42E8-83FF-CF3D1A4148FD}.MFC Release.ActiveCfg = MFC Release|Win32
		{CD3934FA-4FF4-42E8-83FF-CF3D1A4148FD}.MFC Release.Build.0 = MFC Release|Win32
		{CD3934FA-4FF4-42E8-83FF-CF3D1A4148FD}.Release.ActiveCfg = Release|Win32
		{CD3934FA-4FF4-42E8-83FF-CF3D1A4148FD}.Release.Build.0 = Release|Win32
		{ADA6B462-320B-4C78-848F-C520EA2C9BDF}.Debug.ActiveCfg = Debug|Win32
		{ADA6B462-320B-4C78-848F-C520EA2C9BDF}.Debug.Build.0 = Debug|Win32
		{ADA6B462-320B-4C78-848F-C520EA2C9BDF}.MFC Debug.ActiveCfg = MFC Debug|Win32
		{ADA6B462-320B-4C78-848F-C520EA2C9BDF}.MFC Debug.Build.0 = MFC Debug|Win32
		{ADA6B462-320B-4C78-848F-C520EA2C9BDF}.MFC Release.ActiveCfg = MFC Release|Win32
		{ADA6B462-320B-4C78-848F-C520EA2C9BDF}.MFC Release.Build.0 = MFC Release|Win32
		{ADA6B462-320B-4C78-848F-C520EA2C9BDF}.Release.ActiveCfg = Release|Win32
		{ADA6B462-320B-4C78-848F-C520EA2C9BDF}.Release.Build.0 = Release|Win32
		{029A743F-5870-4C60-9302-4B9EC733142F}.Debug.ActiveCfg = Debug|Win32
		{029A743F-5870-4C60-9302-4B9EC733142F}.Debug.Build.0 = Debug|Win32
		{029A743F-5870-4C60-9302-4B9EC733142F}.MFC Debug.ActiveCfg = MFC Debug|Win32
		{029A743F-5870-4C60-9302-4B9EC733142F}.MFC Debug.Build.0 = MFC Debug|Win32
		{029A743F-5870-4C60-9302-4B9EC733142F}.MFC Release.ActiveCfg = MFC Release|Win32
		{029A743F-5870-4C60-9302-4B9EC733142F}.MFC Release.Build.0 = MFC Release|Win32
		{029A743F-5870-4C60-9302-4B9EC733142F}.Release.ActiveCfg = Release|Win32
		{029A743F-5870-4C60-9302-4B9EC733142F}.Release.Build.0 = Release|Win32
		{C0AF860B-C508-4AE2-93C4-F528503F063D}.Debug.ActiveCfg = Debug|Win32
		{C0AF860B-C508-4AE2-93C4-F528503F063D}.Debug.Build.0 = Debug|Win32
		{C0AF860B-C508-4AE2-93C4-F528503F063D}.MFC Debug.ActiveCfg = MFC Debug|Win32
		{C0AF860B-C508-4AE2-93C4-F528503F063D}.MFC Debug.Build.0 = MFC Debug|Win32
		{C0AF860B-C508-4AE2-93C4-F528503F063D}.MFC Release.ActiveCfg = MFC Release|Win32
		{C0AF860B-C508-4AE2-93C4-F528503F063D}.MFC Release.Build.0 = MFC Release|Win32
		{C0AF860B-C508-4AE2-93C4-F528503F063D}.Release.ActiveCfg = Release|Win32
		{C0AF860B-C508-4AE2-93C4-F528503F063D}.Release.Build.0 = Release|Win32
		{D62F21B0-306A-4B64-A154-0850B1F45B92}.Debug.ActiveCfg = Debug|Win32
		{D62F21B0-306A-4B64-A154-0850B1F45B92}.Debug.Build.0 = Debug|Win32
		{D62F21B0-306A-4B64-A154-0850B1F45B92}.MFC Debug.ActiveCfg = MFC Debug|Win32
		{D62F21B0-306A-4B64-A154-0850B1F45B92}.MFC Debug.Build.0 = MFC Debug|Win32
		{D62F21B0-306A-4B64-A154-0850B1F45B92}.MFC Release.ActiveCfg = MFC Release|Win32
		{D62F21B0-306A-4B64-A154-0850B1F45B92}.MFC Release.Build.0 = MFC Release|Win32
		{D62F21B0-306A-4B64-A154-0850B1F45B92}.Release.ActiveCfg = Release|Win32
		{D62F21B0-306A-4B64-A154-0850B1F45B92}.Release.Build.0 = Release|Win32
		{20076C5B-02F2-4AE6-A738-7AFAF8CD5371}.Debug.ActiveCfg = Debug|Win32
		{20076C5B-02F2-4AE6-A738-7AFAF8CD5371}.Debug.Build.0 = Debug|Win32
		{20076C5B-02F2-4AE6-A738-7AFAF8CD5371}.MFC Debug.ActiveCfg = MFC Debug|Win32
		{20076C5B-02F2-4AE6-A738-7AFAF8CD5371}.MFC Debug.Build.0 = MFC Debug|Win32
		{20076C5B-02F2-4AE6-A738-7AFAF8CD5371}.MFC Release.ActiveCfg = MFC Release|Win32
		{20076C5B-02F2-4AE6-A738-7AFAF8CD5371}.MFC Release.Build.0 = MFC Release|Win32
		{20076C5B-02F2-4AE6-A738-7AFAF8CD5371}.Release.ActiveCfg = Release|Win32
		{20076C5B-02F2-4AE6-A738-7AFAF8CD5371}.Release.Build.0 = Release|Win32
		{3D973678-2A6B-4458-8911-FD786FD87115}.Debug.ActiveCfg = Debug|Win32
		{3D973678-2A6B-4458-8911-FD786FD87115}.Debug.Build.0 = Debug|Win32
		{3D973678-2A6B-4458-8911-FD786FD87115}.MFC Debug.ActiveCfg = MFC Debug|Win32
		{3D973678-2A6B-4458-8911-FD786FD87115}.MFC Debug.Build.0 = MFC Debug|Win32
		{3D973678-2A6B-4458-8911-FD786FD87115}.MFC Release.ActiveCfg = MFC Release|Win32
		{3D973678-2A6B-4458-8911-FD786FD87115}.MFC Release.Build.0 = MFC Release|Win32
		{3D973678-2A6B-4458-8911-FD786FD87115}.Release.ActiveCfg = Release|Win32
		{3D973678-2A6B-4458-8911-FD786FD87115}.Release.Build.0 = Release|Win32
		{01299FEF-DE63-484C-A8D6-20ECE42DCD80}.Debug.ActiveCfg = Debug|Win32
		{01299FEF-DE63-484C-A8D6-20ECE42DCD80}.Debug.Build.0 = Debug|Win32
		{01299FEF-DE63-484C-A8D6-20ECE42DCD80}.MFC Debug.ActiveCfg = MFC Debug|Win32
		{01299FEF-DE63-484C-A8D6-20ECE42DCD80}.MFC Debug.Build.0 = MFC Debug|Win32
		{01299FEF-DE63-484C-A8D6-20ECE42DCD80}.MFC Release.ActiveCfg = MFC Release|Win32
		{01299FEF-DE63-484C-A8D6-20ECE42DCD80}.MFC Release.Build.0 = MFC Release|Win32
		{01299FEF-DE63-484C-A8D6-20ECE42DCD80}.Release.ActiveCfg = Release|Win32
		{01299FEF-DE63-484C-A8D6-20ECE42DCD80}.Release.Build.0 = Release|Win32
		{A7F12C2E-E71A-446A-9BA0-A8070D41B88E}.Debug.ActiveCfg = MFC Debug|Win32
		{A7F12C2E-E71A-446A-9BA0-A8070D41B88E}.Debug.Build.0 = MFC Debug|Win32
		{A7F12C2E-E71A-446A-9BA0-A8070D41B88E}.MFC Debug.ActiveCfg = MFC Debug|Win32
		{A7F12C2E-E71A-446A-9BA0-A8070D41B88E}.MFC Debug.Build.0 = MFC Debug|Win32
		{A7F12C2E-E71A-446A-9BA0-A8070D41B88E}.MFC Release.ActiveCfg = MFC Release|Win32
		{A7F12C2E-E71A-446A-9BA0-A8070D41B88E}.MFC Release.Build.0 = MFC Release|Win32
		{A7F12C2E-E71A-446A-9BA0-A8070D41B88E}.Release.ActiveCfg = MFC Release|Win32
		{A7F12C2E-E71A-446A-9BA0-A8070D41B88E}.Release.Build.0 = MFC Release|Win32
	EndGlobalSection
	GlobalSection(ExtensibilityGlobals) = postSolution
	EndGlobalSection
	GlobalSection(ExtensibilityAddIns) = postSolution
	EndGlobalSection
EndGlobal
