Microsoft Visual Studio Solution File, Format Version 8.00
Project("{8BC9CEB8-8B4A-11D0-8D11-00A0C91BC942}") = "VrmlParser", "VrmlParser.vcproj", "{19071DB2-97D9-4AF8-A8D4-86B32B3F6357}"
	ProjectSection(ProjectDependencies) = postProject
		{5DD6484B-A722-48B0-91B8-63271D2B41FF} = {5DD6484B-A722-48B0-91B8-63271D2B41FF}
		{BB63ADE5-6596-4B5F-BA8E-11D5EABF6EB8} = {BB63ADE5-6596-4B5F-BA8E-11D5EABF6EB8}
	EndProjectSection
EndProject
Project("{8BC9CEB8-8B4A-11D0-8D11-00A0C91BC942}") = "FileIO", "..\..\FileIO.vcproj", "{BB63ADE5-6596-4B5F-BA8E-11D5EABF6EB8}"
	ProjectSection(ProjectDependencies) = postProject
	EndProjectSection
EndProject
Project("{8BC9CEB8-8B4A-11D0-8D11-00A0C91BC942}") = "Base", "..\..\..\Base\Base.vcproj", "{5DD6484B-A722-48B0-91B8-63271D2B41FF}"
	ProjectSection(ProjectDependencies) = postProject
	EndProjectSection
EndProject
Global
	GlobalSection(SourceCodeControl) = preSolution
		SccNumberOfProjects = 4
		SccProjectUniqueName0 = ..\\..\\FileIO.vcproj
		SccProjectName0 = \u0022$/Project/Springhead/src/FileIO\u0022,\u0020QUUAAAAA
		SccLocalPath0 = ..\\..
		CanCheckoutShared = false
		SccProjectUniqueName1 = ..\\..\\..\\Base\\Base.vcproj
		SccProjectName1 = \u0022$/Project/Springhead/src/Base\u0022,\u0020XPUAAAAA
		SccLocalPath1 = ..\\..\\..\\Base
		CanCheckoutShared = false
		SccProjectUniqueName2 = VrmlParser.vcproj
		SccLocalPath2 = .
		CanCheckoutShared = false
		SccLocalPath3 = .
		CanCheckoutShared = false
		SolutionUniqueID = {DF06A695-DB40-4430-BE21-B9AB855FC591}
	EndGlobalSection
	GlobalSection(SolutionConfiguration) = preSolution
		Debug = Debug
		MFC Debug = MFC Debug
		MFC Release = MFC Release
		Release = Release
	EndGlobalSection
	GlobalSection(ProjectConfiguration) = postSolution
		{19071DB2-97D9-4AF8-A8D4-86B32B3F6357}.Debug.ActiveCfg = Debug|Win32
		{19071DB2-97D9-4AF8-A8D4-86B32B3F6357}.Debug.Build.0 = Debug|Win32
		{19071DB2-97D9-4AF8-A8D4-86B32B3F6357}.MFC Debug.ActiveCfg = Debug|Win32
		{19071DB2-97D9-4AF8-A8D4-86B32B3F6357}.MFC Debug.Build.0 = Debug|Win32
		{19071DB2-97D9-4AF8-A8D4-86B32B3F6357}.MFC Release.ActiveCfg = Release|Win32
		{19071DB2-97D9-4AF8-A8D4-86B32B3F6357}.MFC Release.Build.0 = Release|Win32
		{19071DB2-97D9-4AF8-A8D4-86B32B3F6357}.Release.ActiveCfg = Release|Win32
		{19071DB2-97D9-4AF8-A8D4-86B32B3F6357}.Release.Build.0 = Release|Win32
		{BB63ADE5-6596-4B5F-BA8E-11D5EABF6EB8}.Debug.ActiveCfg = Debug|Win32
		{BB63ADE5-6596-4B5F-BA8E-11D5EABF6EB8}.Debug.Build.0 = Debug|Win32
		{BB63ADE5-6596-4B5F-BA8E-11D5EABF6EB8}.MFC Debug.ActiveCfg = MFC Debug|Win32
		{BB63ADE5-6596-4B5F-BA8E-11D5EABF6EB8}.MFC Debug.Build.0 = MFC Debug|Win32
		{BB63ADE5-6596-4B5F-BA8E-11D5EABF6EB8}.MFC Release.ActiveCfg = MFC Release|Win32
		{BB63ADE5-6596-4B5F-BA8E-11D5EABF6EB8}.MFC Release.Build.0 = MFC Release|Win32
		{BB63ADE5-6596-4B5F-BA8E-11D5EABF6EB8}.Release.ActiveCfg = Release|Win32
		{BB63ADE5-6596-4B5F-BA8E-11D5EABF6EB8}.Release.Build.0 = Release|Win32
		{5DD6484B-A722-48B0-91B8-63271D2B41FF}.Debug.ActiveCfg = Debug|Win32
		{5DD6484B-A722-48B0-91B8-63271D2B41FF}.Debug.Build.0 = Debug|Win32
		{5DD6484B-A722-48B0-91B8-63271D2B41FF}.MFC Debug.ActiveCfg = MFC Debug|Win32
		{5DD6484B-A722-48B0-91B8-63271D2B41FF}.MFC Debug.Build.0 = MFC Debug|Win32
		{5DD6484B-A722-48B0-91B8-63271D2B41FF}.MFC Release.ActiveCfg = MFC Release|Win32
		{5DD6484B-A722-48B0-91B8-63271D2B41FF}.MFC Release.Build.0 = MFC Release|Win32
		{5DD6484B-A722-48B0-91B8-63271D2B41FF}.Release.ActiveCfg = Release|Win32
		{5DD6484B-A722-48B0-91B8-63271D2B41FF}.Release.Build.0 = Release|Win32
	EndGlobalSection
	GlobalSection(ExtensibilityGlobals) = postSolution
	EndGlobalSection
	GlobalSection(ExtensibilityAddIns) = postSolution
	EndGlobalSection
EndGlobal
